version: 1.0
shards:
  amqp:
    github: datanoise/amqp.cr
    commit: a164f7054435bcdd22c5731e524ce4755695716f

  discordcr:
    github: meew0/discordcr
    version: 0.3.0

  dotenv:
    github: gdotdesign/cr-dotenv
    version: 0.1.0

  msgpack:
    github: crystal-community/msgpack-crystal
    version: 0.7.1

  redis:
    github: stefanwille/crystal-redis
    version: 1.9.0

